
Microsoft Visual Studio Solution File, Format Version 12.00
# Visual Studio Version 17
VisualStudioVersion = 17.2.32616.157
MinimumVisualStudioVersion = 10.0.40219.1
Project("{FAE04EC0-301F-11D3-BF4B-00C04F79EFBC}") = "Remote", "Remote\Remote.csproj", "{576294C8-876A-49C5-A5CA-39845D326E3A}"
EndProject
Global
	GlobalSection(SolutionConfigurationPlatforms) = preSolution
		Debug|Any CPU = Debug|Any CPU
		Release|Any CPU = Release|Any CPU
	EndGlobalSection
	GlobalSection(ProjectConfigurationPlatforms) = postSolution
		{576294C8-876A-49C5-A5CA-39845D326E3A}.Debug|Any CPU.ActiveCfg = Debug|Any CPU
		{576294C8-876A-49C5-A5CA-39845D326E3A}.Debug|Any CPU.Build.0 = Debug|Any CPU
		{576294C8-876A-49C5-A5CA-39845D326E3A}.Release|Any CPU.ActiveCfg = Release|Any CPU
		{576294C8-876A-49C5-A5CA-39845D326E3A}.Release|Any CPU.Build.0 = Release|Any CPU
	EndGlobalSection
	GlobalSection(SolutionProperties) = preSolution
		HideSolutionNode = FALSE
	EndGlobalSection
	GlobalSection(ExtensibilityGlobals) = postSolution
		SolutionGuid = {898523E3-67E9-4A18-A817-3292CA7A3578}
	EndGlobalSection
EndGlobal
